
Microsoft Visual Studio Solution File, Format Version 12.00
# Visual Studio Version 16
VisualStudioVersion = 16.0.34601.136
MinimumVisualStudioVersion = 10.0.40219.1
Project("{888888A0-9F3D-457C-B088-3A5042F75D52}") = "WebSite", "WebSite\WebSite.pyproj", "{8521A150-56E6-4418-8F45-1EAE74CFC3D8}"
EndProject
Global
	GlobalSection(SolutionConfigurationPlatforms) = preSolution
		Debug|Any CPU = Debug|Any CPU
		Release|Any CPU = Release|Any CPU
	EndGlobalSection
	GlobalSection(ProjectConfigurationPlatforms) = postSolution
		{8521A150-56E6-4418-8F45-1EAE74CFC3D8}.Debug|Any CPU.ActiveCfg = Debug|Any CPU
		{8521A150-56E6-4418-8F45-1EAE74CFC3D8}.Debug|Any CPU.Build.0 = Debug|Any CPU
		{8521A150-56E6-4418-8F45-1EAE74CFC3D8}.Release|Any CPU.ActiveCfg = Release|Any CPU
		{8521A150-56E6-4418-8F45-1EAE74CFC3D8}.Release|Any CPU.Build.0 = Release|Any CPU
	EndGlobalSection
	GlobalSection(SolutionProperties) = preSolution
		HideSolutionNode = FALSE
	EndGlobalSection
	GlobalSection(ExtensibilityGlobals) = postSolution
		SolutionGuid = {AE60CD0E-FBDE-47A2-AD57-87932F0BC219}
	EndGlobalSection
EndGlobal
